# This file is autogenerated, do not edit; changes may be undone by the next 'dep ensure'.


[[projects]]
  name = "github.com/Sirupsen/logrus"
  packages = ["."]
  revision = "3ec0642a7fb6488f65b06f9040adc67e3990296a"

[[projects]]
  name = "github.com/ant0ine/go-json-rest"
  packages = [
    "rest",
    "rest/trie"
  ]
  revision = "01a517a7065ab0030bf286c6a8e5abc9b245c776"

[[projects]]
  name = "github.com/blang/semver"
  packages = ["."]
  revision = "60ec3488bfea7cca02b021d106d9911120d25fe9"
  version = "v3.3.0"

[[projects]]
  name = "github.com/certifi/gocertifi"
  packages = ["."]
  revision = "deb3ae2ef2610fde3330947281941c562861188b"
  version = "2018.01.18"

[[projects]]
  name = "github.com/docker/distribution"
  packages = [
    ".",
    "context",
    "digest",
    "manifest",
    "manifest/schema1",
    "reference",
    "uuid"
  ]
  revision = "431cfa3179d9b3766e39f6a74283db8bb5a13209"

[[projects]]
  branch = "master"
  name = "github.com/docker/libtrust"
  packages = ["."]
  revision = "aabc10ec26b754e797f9028f4589c5b7bd90dc20"

[[projects]]
  branch = "master"
  name = "github.com/getsentry/raven-go"
  packages = ["."]
  revision = "ed7bcb39ff10f39ab08e317ce16df282845852fa"

[[projects]]
  name = "github.com/go-resty/resty"
  packages = ["."]
  revision = "b353fcada0eb6fc32e78bb1ad88030bc0d9ad311"

[[projects]]
  name = "github.com/gorilla/context"
  packages = ["."]
  revision = "08b5f424b9271eedf6f9f0ce86cb9396ed337a42"
  version = "v1.1.1"

[[projects]]
  name = "github.com/gorilla/mux"
  packages = ["."]
  revision = "0a192a193177452756c362c20087ddafcf6829c4"

[[projects]]
  name = "github.com/hashicorp/go-version"
  packages = ["."]
  revision = "999359b6b7a041ce16e695d51e92145b83f01087"

[[projects]]
  name = "github.com/heroku/docker-registry-client"
  packages = ["registry"]
  revision = "97450e9c3ae5d9fa1b31ba877efb06cd28339320"

[[projects]]
  name = "github.com/mgutz/ansi"
  packages = ["."]
  revision = "452f5f5396543168418a299cd963697ac742b56e"

[[projects]]
  name = "github.com/mitchellh/go-homedir"
  packages = ["."]
  revision = "981ab348d865cf048eb7d17e78ac7192632d8415"

[[projects]]
  name = "github.com/onsi/ginkgo"
  packages = [
    ".",
    "config",
    "internal/codelocation",
    "internal/containernode",
    "internal/failer",
    "internal/leafnodes",
    "internal/remote",
    "internal/spec",
    "internal/specrunner",
    "internal/suite",
    "internal/testingtproxy",
    "internal/writer",
    "reporters",
    "reporters/stenographer",
    "types"
  ]
  revision = "c3a655f9b37a2207fa39721b078b3173ee9218d6"

[[projects]]
  name = "github.com/onsi/gomega"
  packages = [
    ".",
    "format",
    "internal/assertion",
    "internal/asyncassertion",
    "internal/oraclematcher",
    "internal/testingtsupport",
    "matchers",
    "matchers/support/goraph/bipartitegraph",
    "matchers/support/goraph/edge",
    "matchers/support/goraph/node",
    "matchers/support/goraph/util",
    "types"
  ]
  revision = "7ce781ea776b2fd506491011353bded2e40c8467"

[[projects]]
  name = "github.com/pkg/errors"
  packages = ["."]
  revision = "645ef00459ed84a119197bfb8d8205042c6df63d"
  version = "v0.8.0"

[[projects]]
  name = "github.com/satori/go.uuid"
  packages = ["."]
  revision = "0aa62d5ddceb50dbcb909d790b5345affd3669b6"

[[projects]]
  name = "golang.org/x/net"
  packages = [
    "context",
    "idna",
    "publicsuffix"
  ]
  revision = "f841c39de738b1d0df95b5a7187744f0e03d8112"

[[projects]]
  branch = "master"
  name = "golang.org/x/sys"
  packages = ["unix"]
  revision = "1b2967e3c290b7c545b3db0deeda16e9be4f98a2"

[[projects]]
  name = "gopkg.in/yaml.v2"
  packages = ["."]
  revision = "5420a8b6744d3b0345ab293f6fcba19c978f1183"
  version = "v2.2.1"

[solve-meta]
  analyzer-name = "dep"
  analyzer-version = 1
  inputs-digest = "0d7cf25b05dcd1786456455c62ee43568de637ec03b58bdb9bfc6f2148267456"
  solver-name = "gps-cdcl"
  solver-version = 1
